{
  "name": "better-lyrics",
  "lockfileVersion": 3,
  "requires": true,
  "packages": {
    "": {
      "devDependencies": {
        "@types/web": "^0.0.201"
      }
    },
    "node_modules/@types/web": {
      "version": "0.0.201",
      "resolved": "https://registry.npmjs.org/@types/web/-/web-0.0.201.tgz",
      "integrity": "sha512-pGg1tHPiGUxPB+T3ROqqvYAf/X52c3doP8IDOOyYlZhwE9XsuK5slPu9BJvZufHWonp4tE4eIILdnyD8dFVpkQ==",
      "dev": true
    }
  }
}
